
Microsoft Visual Studio Solution File, Format Version 12.00
# Visual Studio Version 16
VisualStudioVersion = 16.0.31129.286
MinimumVisualStudioVersion = 10.0.40219.1
Project("{888888A0-9F3D-457C-B088-3A5042F75D52}") = "BarrierZoneTrainer", "BarrierZoneTrainer\BarrierZoneTrainer.pyproj", "{B3704826-DED1-4F4E-BB9C-C41546476887}"
EndProject
Global
	GlobalSection(SolutionConfigurationPlatforms) = preSolution
		Debug|Any CPU = Debug|Any CPU
		Release|Any CPU = Release|Any CPU
	EndGlobalSection
	GlobalSection(ProjectConfigurationPlatforms) = postSolution
		{B3704826-DED1-4F4E-BB9C-C41546476887}.Debug|Any CPU.ActiveCfg = Debug|Any CPU
		{B3704826-DED1-4F4E-BB9C-C41546476887}.Release|Any CPU.ActiveCfg = Release|Any CPU
	EndGlobalSection
	GlobalSection(SolutionProperties) = preSolution
		HideSolutionNode = FALSE
	EndGlobalSection
	GlobalSection(ExtensibilityGlobals) = postSolution
		SolutionGuid = {8A1F5084-D781-47E2-849D-DCE94AA41BBF}
	EndGlobalSection
EndGlobal
